
Microsoft Visual Studio Solution File, Format Version 12.00
# Visual Studio Version 16
VisualStudioVersion = 16.0.29306.81
MinimumVisualStudioVersion = 10.0.40219.1
Project("{FAE04EC0-301F-11D3-BF4B-00C04F79EFBC}") = "Distance Converter Project", "Distance Converter Project.csproj", "{C371E82C-214B-4602-8E31-7DC9C58B8E2D}"
EndProject
Global
	GlobalSection(SolutionConfigurationPlatforms) = preSolution
		Debug|Any CPU = Debug|Any CPU
		Release|Any CPU = Release|Any CPU
	EndGlobalSection
	GlobalSection(ProjectConfigurationPlatforms) = postSolution
		{C371E82C-214B-4602-8E31-7DC9C58B8E2D}.Debug|Any CPU.ActiveCfg = Debug|Any CPU
		{C371E82C-214B-4602-8E31-7DC9C58B8E2D}.Debug|Any CPU.Build.0 = Debug|Any CPU
		{C371E82C-214B-4602-8E31-7DC9C58B8E2D}.Release|Any CPU.ActiveCfg = Release|Any CPU
		{C371E82C-214B-4602-8E31-7DC9C58B8E2D}.Release|Any CPU.Build.0 = Release|Any CPU
	EndGlobalSection
	GlobalSection(SolutionProperties) = preSolution
		HideSolutionNode = FALSE
	EndGlobalSection
	GlobalSection(ExtensibilityGlobals) = postSolution
		SolutionGuid = {5B023CEB-D554-47F3-8EB0-9A6D023F5B90}
	EndGlobalSection
EndGlobal
